
Microsoft Visual Studio Solution File, Format Version 12.00
# Visual Studio Version 16
VisualStudioVersion = 16.0.29209.152
MinimumVisualStudioVersion = 10.0.40219.1
Project("{9A19103F-16F7-4668-BE54-9A1E7A4F7556}") = "GitSearch2.Server", "src\GitSearch2.Server\GitSearch2.Server.csproj", "{191970ED-B308-4165-913F-0F89109CF494}"
EndProject
Project("{9A19103F-16F7-4668-BE54-9A1E7A4F7556}") = "GitSearch2.Client", "src\GitSearch2.Client\GitSearch2.Client.csproj", "{DDA55339-04BF-4366-B9DC-C9CD9AEA09A1}"
EndProject
Project("{9A19103F-16F7-4668-BE54-9A1E7A4F7556}") = "GitSearch2.Shared", "src\GitSearch2.Shared\GitSearch2.Shared.csproj", "{FAA3BC38-07BC-4A47-B4E1-C94DF4BE15CD}"
EndProject
Project("{2150E333-8FDC-42A3-9474-1A3956D46DE8}") = "src", "src", "{71F8E7D4-D7D6-430F-84F8-FF1EF5318E51}"
EndProject
Project("{2150E333-8FDC-42A3-9474-1A3956D46DE8}") = "Solution Items", "Solution Items", "{9EBBA12D-CC72-493B-9A91-20B505829C23}"
	ProjectSection(SolutionItems) = preProject
		.editorconfig = .editorconfig
		.gitignore = .gitignore
		Directory.Build.props = Directory.Build.props
		README.md = README.md
	EndProjectSection
EndProject
Project("{2150E333-8FDC-42A3-9474-1A3956D46DE8}") = "test", "test", "{54EA06FD-F14A-456E-A130-23E52D3BFE87}"
EndProject
Project("{9A19103F-16F7-4668-BE54-9A1E7A4F7556}") = "GitSearch2.Server.Tests", "test\GitSearch2.Server.Tests\GitSearch2.Server.Tests.csproj", "{09E69942-EFA0-42C7-A0E3-95049C1C6450}"
EndProject
Project("{9A19103F-16F7-4668-BE54-9A1E7A4F7556}") = "GitSearch2.Indexer", "src\GitSearch2.Indexer\GitSearch2.Indexer.csproj", "{08066ADB-F517-4B50-8819-C246BCFB1B66}"
EndProject
Project("{9A19103F-16F7-4668-BE54-9A1E7A4F7556}") = "GitSearch2.Repository.Sqlite", "src\GitSearch2.Repository.Sqlite\GitSearch2.Repository.Sqlite.csproj", "{D16C95D2-C43D-492E-81F1-7308E3C0198B}"
EndProject
Project("{9A19103F-16F7-4668-BE54-9A1E7A4F7556}") = "GitSearch2.Repository", "src\GitSearch2.Repository\GitSearch2.Repository.csproj", "{A1F8E5AE-4A9D-4EB1-AC90-B8ACBA880E65}"
EndProject
Project("{2150E333-8FDC-42A3-9474-1A3956D46DE8}") = "Client", "Client", "{819D1328-8BCF-4CF6-A176-63538B509FEA}"
EndProject
Project("{2150E333-8FDC-42A3-9474-1A3956D46DE8}") = "Server", "Server", "{9F5A4E64-3C9A-4DB9-859C-295219A8BCC5}"
EndProject
Project("{9A19103F-16F7-4668-BE54-9A1E7A4F7556}") = "GitSearch2.Shared.Tests", "test\GitSearch2.Shared.Tests\GitSearch2.Shared.Tests.csproj", "{F2AAE6AE-8FB8-4B13-92EE-492EE8AB7947}"
EndProject
Project("{9A19103F-16F7-4668-BE54-9A1E7A4F7556}") = "GitSearch2.Repository.Tests", "test\GitSearch2.Repository.Tests\GitSearch2.Repository.Tests.csproj", "{7AC34812-3291-42BF-AEA3-36B332BA36B2}"
EndProject
Project("{9A19103F-16F7-4668-BE54-9A1E7A4F7556}") = "GitSearch2.Indexer.Tests", "test\GitSearch2.Indexer.Tests\GitSearch2.Indexer.Tests.csproj", "{E763F288-E7B4-4753-88A5-88494F988D6B}"
EndProject
Project("{9A19103F-16F7-4668-BE54-9A1E7A4F7556}") = "GitSearch2.Repository.SqlServer", "src\GitSearch2.Repository.SqlServer\GitSearch2.Repository.SqlServer.csproj", "{FEB7207F-A17F-4CB6-A669-9BC485EC150D}"
EndProject
Project("{9A19103F-16F7-4668-BE54-9A1E7A4F7556}") = "GitSearch2.Repository.SqlServer.Tests", "test\GitSearch2.Repository.SqlServer.Tests\GitSearch2.Repository.SqlServer.Tests.csproj", "{9BF3F93F-3B94-428A-98EE-D21E42D2F4C8}"
EndProject
Global
	GlobalSection(SolutionConfigurationPlatforms) = preSolution
		Debug|Any CPU = Debug|Any CPU
		Release|Any CPU = Release|Any CPU
	EndGlobalSection
	GlobalSection(ProjectConfigurationPlatforms) = postSolution
		{191970ED-B308-4165-913F-0F89109CF494}.Debug|Any CPU.ActiveCfg = Debug|Any CPU
		{191970ED-B308-4165-913F-0F89109CF494}.Debug|Any CPU.Build.0 = Debug|Any CPU
		{191970ED-B308-4165-913F-0F89109CF494}.Release|Any CPU.ActiveCfg = Release|Any CPU
		{191970ED-B308-4165-913F-0F89109CF494}.Release|Any CPU.Build.0 = Release|Any CPU
		{DDA55339-04BF-4366-B9DC-C9CD9AEA09A1}.Debug|Any CPU.ActiveCfg = Debug|Any CPU
		{DDA55339-04BF-4366-B9DC-C9CD9AEA09A1}.Debug|Any CPU.Build.0 = Debug|Any CPU
		{DDA55339-04BF-4366-B9DC-C9CD9AEA09A1}.Release|Any CPU.ActiveCfg = Release|Any CPU
		{DDA55339-04BF-4366-B9DC-C9CD9AEA09A1}.Release|Any CPU.Build.0 = Release|Any CPU
		{FAA3BC38-07BC-4A47-B4E1-C94DF4BE15CD}.Debug|Any CPU.ActiveCfg = Debug|Any CPU
		{FAA3BC38-07BC-4A47-B4E1-C94DF4BE15CD}.Debug|Any CPU.Build.0 = Debug|Any CPU
		{FAA3BC38-07BC-4A47-B4E1-C94DF4BE15CD}.Release|Any CPU.ActiveCfg = Release|Any CPU
		{FAA3BC38-07BC-4A47-B4E1-C94DF4BE15CD}.Release|Any CPU.Build.0 = Release|Any CPU
		{09E69942-EFA0-42C7-A0E3-95049C1C6450}.Debug|Any CPU.ActiveCfg = Debug|Any CPU
		{09E69942-EFA0-42C7-A0E3-95049C1C6450}.Debug|Any CPU.Build.0 = Debug|Any CPU
		{09E69942-EFA0-42C7-A0E3-95049C1C6450}.Release|Any CPU.ActiveCfg = Release|Any CPU
		{09E69942-EFA0-42C7-A0E3-95049C1C6450}.Release|Any CPU.Build.0 = Release|Any CPU
		{08066ADB-F517-4B50-8819-C246BCFB1B66}.Debug|Any CPU.ActiveCfg = Debug|Any CPU
		{08066ADB-F517-4B50-8819-C246BCFB1B66}.Debug|Any CPU.Build.0 = Debug|Any CPU
		{08066ADB-F517-4B50-8819-C246BCFB1B66}.Release|Any CPU.ActiveCfg = Release|Any CPU
		{08066ADB-F517-4B50-8819-C246BCFB1B66}.Release|Any CPU.Build.0 = Release|Any CPU
		{D16C95D2-C43D-492E-81F1-7308E3C0198B}.Debug|Any CPU.ActiveCfg = Debug|Any CPU
		{D16C95D2-C43D-492E-81F1-7308E3C0198B}.Debug|Any CPU.Build.0 = Debug|Any CPU
		{D16C95D2-C43D-492E-81F1-7308E3C0198B}.Release|Any CPU.ActiveCfg = Release|Any CPU
		{D16C95D2-C43D-492E-81F1-7308E3C0198B}.Release|Any CPU.Build.0 = Release|Any CPU
		{A1F8E5AE-4A9D-4EB1-AC90-B8ACBA880E65}.Debug|Any CPU.ActiveCfg = Debug|Any CPU
		{A1F8E5AE-4A9D-4EB1-AC90-B8ACBA880E65}.Debug|Any CPU.Build.0 = Debug|Any CPU
		{A1F8E5AE-4A9D-4EB1-AC90-B8ACBA880E65}.Release|Any CPU.ActiveCfg = Release|Any CPU
		{A1F8E5AE-4A9D-4EB1-AC90-B8ACBA880E65}.Release|Any CPU.Build.0 = Release|Any CPU
		{F2AAE6AE-8FB8-4B13-92EE-492EE8AB7947}.Debug|Any CPU.ActiveCfg = Debug|Any CPU
		{F2AAE6AE-8FB8-4B13-92EE-492EE8AB7947}.Debug|Any CPU.Build.0 = Debug|Any CPU
		{F2AAE6AE-8FB8-4B13-92EE-492EE8AB7947}.Release|Any CPU.ActiveCfg = Release|Any CPU
		{F2AAE6AE-8FB8-4B13-92EE-492EE8AB7947}.Release|Any CPU.Build.0 = Release|Any CPU
		{7AC34812-3291-42BF-AEA3-36B332BA36B2}.Debug|Any CPU.ActiveCfg = Debug|Any CPU
		{7AC34812-3291-42BF-AEA3-36B332BA36B2}.Debug|Any CPU.Build.0 = Debug|Any CPU
		{7AC34812-3291-42BF-AEA3-36B332BA36B2}.Release|Any CPU.ActiveCfg = Release|Any CPU
		{7AC34812-3291-42BF-AEA3-36B332BA36B2}.Release|Any CPU.Build.0 = Release|Any CPU
		{E763F288-E7B4-4753-88A5-88494F988D6B}.Debug|Any CPU.ActiveCfg = Debug|Any CPU
		{E763F288-E7B4-4753-88A5-88494F988D6B}.Debug|Any CPU.Build.0 = Debug|Any CPU
		{E763F288-E7B4-4753-88A5-88494F988D6B}.Release|Any CPU.ActiveCfg = Release|Any CPU
		{E763F288-E7B4-4753-88A5-88494F988D6B}.Release|Any CPU.Build.0 = Release|Any CPU
		{FEB7207F-A17F-4CB6-A669-9BC485EC150D}.Debug|Any CPU.ActiveCfg = Debug|Any CPU
		{FEB7207F-A17F-4CB6-A669-9BC485EC150D}.Debug|Any CPU.Build.0 = Debug|Any CPU
		{FEB7207F-A17F-4CB6-A669-9BC485EC150D}.Release|Any CPU.ActiveCfg = Release|Any CPU
		{FEB7207F-A17F-4CB6-A669-9BC485EC150D}.Release|Any CPU.Build.0 = Release|Any CPU
		{9BF3F93F-3B94-428A-98EE-D21E42D2F4C8}.Debug|Any CPU.ActiveCfg = Debug|Any CPU
		{9BF3F93F-3B94-428A-98EE-D21E42D2F4C8}.Debug|Any CPU.Build.0 = Debug|Any CPU
		{9BF3F93F-3B94-428A-98EE-D21E42D2F4C8}.Release|Any CPU.ActiveCfg = Release|Any CPU
		{9BF3F93F-3B94-428A-98EE-D21E42D2F4C8}.Release|Any CPU.Build.0 = Release|Any CPU
	EndGlobalSection
	GlobalSection(SolutionProperties) = preSolution
		HideSolutionNode = FALSE
	EndGlobalSection
	GlobalSection(NestedProjects) = preSolution
		{191970ED-B308-4165-913F-0F89109CF494} = {9F5A4E64-3C9A-4DB9-859C-295219A8BCC5}
		{DDA55339-04BF-4366-B9DC-C9CD9AEA09A1} = {819D1328-8BCF-4CF6-A176-63538B509FEA}
		{FAA3BC38-07BC-4A47-B4E1-C94DF4BE15CD} = {71F8E7D4-D7D6-430F-84F8-FF1EF5318E51}
		{09E69942-EFA0-42C7-A0E3-95049C1C6450} = {54EA06FD-F14A-456E-A130-23E52D3BFE87}
		{08066ADB-F517-4B50-8819-C246BCFB1B66} = {9F5A4E64-3C9A-4DB9-859C-295219A8BCC5}
		{D16C95D2-C43D-492E-81F1-7308E3C0198B} = {9F5A4E64-3C9A-4DB9-859C-295219A8BCC5}
		{A1F8E5AE-4A9D-4EB1-AC90-B8ACBA880E65} = {9F5A4E64-3C9A-4DB9-859C-295219A8BCC5}
		{819D1328-8BCF-4CF6-A176-63538B509FEA} = {71F8E7D4-D7D6-430F-84F8-FF1EF5318E51}
		{9F5A4E64-3C9A-4DB9-859C-295219A8BCC5} = {71F8E7D4-D7D6-430F-84F8-FF1EF5318E51}
		{F2AAE6AE-8FB8-4B13-92EE-492EE8AB7947} = {54EA06FD-F14A-456E-A130-23E52D3BFE87}
		{7AC34812-3291-42BF-AEA3-36B332BA36B2} = {54EA06FD-F14A-456E-A130-23E52D3BFE87}
		{E763F288-E7B4-4753-88A5-88494F988D6B} = {54EA06FD-F14A-456E-A130-23E52D3BFE87}
		{FEB7207F-A17F-4CB6-A669-9BC485EC150D} = {9F5A4E64-3C9A-4DB9-859C-295219A8BCC5}
		{9BF3F93F-3B94-428A-98EE-D21E42D2F4C8} = {54EA06FD-F14A-456E-A130-23E52D3BFE87}
	EndGlobalSection
	GlobalSection(ExtensibilityGlobals) = postSolution
		SolutionGuid = {202C91B6-5024-47C8-B3C7-53CEB364FD79}
	EndGlobalSection
EndGlobal
